
Microsoft Visual Studio Solution File, Format Version 12.00
# Visual Studio Version 17
VisualStudioVersion = 17.10.35027.167
MinimumVisualStudioVersion = 10.0.40219.1
Project("{FAE04EC0-301F-11D3-BF4B-00C04F79EFBC}") = "devmeter.ui", "devmeter.ui\devmeter.ui.csproj", "{3346207C-4838-432D-A51F-EA20F2B125B7}"
EndProject
Project("{FAE04EC0-301F-11D3-BF4B-00C04F79EFBC}") = "devmeter.core", "devmeter.core\devmeter.core.csproj", "{248EB5FB-7A1D-4F33-8A01-6888BA8FDE36}"
EndProject
Global
	GlobalSection(SolutionConfigurationPlatforms) = preSolution
		Debug|Any CPU = Debug|Any CPU
		Release|Any CPU = Release|Any CPU
	EndGlobalSection
	GlobalSection(ProjectConfigurationPlatforms) = postSolution
		{3346207C-4838-432D-A51F-EA20F2B125B7}.Debug|Any CPU.ActiveCfg = Debug|Any CPU
		{3346207C-4838-432D-A51F-EA20F2B125B7}.Debug|Any CPU.Build.0 = Debug|Any CPU
		{3346207C-4838-432D-A51F-EA20F2B125B7}.Release|Any CPU.ActiveCfg = Release|Any CPU
		{3346207C-4838-432D-A51F-EA20F2B125B7}.Release|Any CPU.Build.0 = Release|Any CPU
		{248EB5FB-7A1D-4F33-8A01-6888BA8FDE36}.Debug|Any CPU.ActiveCfg = Debug|Any CPU
		{248EB5FB-7A1D-4F33-8A01-6888BA8FDE36}.Debug|Any CPU.Build.0 = Debug|Any CPU
		{248EB5FB-7A1D-4F33-8A01-6888BA8FDE36}.Release|Any CPU.ActiveCfg = Release|Any CPU
		{248EB5FB-7A1D-4F33-8A01-6888BA8FDE36}.Release|Any CPU.Build.0 = Release|Any CPU
	EndGlobalSection
	GlobalSection(SolutionProperties) = preSolution
		HideSolutionNode = FALSE
	EndGlobalSection
	GlobalSection(ExtensibilityGlobals) = postSolution
		SolutionGuid = {2DE5D792-A1B8-4650-B772-29E44C5C3514}
	EndGlobalSection
EndGlobal
